
Microsoft Visual Studio Solution File, Format Version 12.00
# Visual Studio Version 17
VisualStudioVersion = 17.0.31903.59
MinimumVisualStudioVersion = 10.0.40219.1
Project("{FAE04EC0-301F-11D3-BF4B-00C04F79EFBC}") = "AuditoriaRecepcion.API", "AuditoriaRecepcion.API\AuditoriaRecepcion.API.csproj", "{C299A6DB-E972-4CDF-A6DC-25AD29B4FD40}"
EndProject
Project("{FAE04EC0-301F-11D3-BF4B-00C04F79EFBC}") = "AuditoriaRecepcion.Core", "AuditoriaRecepcion.Core\AuditoriaRecepcion.Core.csproj", "{3E3765B3-7FA8-49E8-9987-41EA1DF0FD71}"
EndProject
Project("{FAE04EC0-301F-11D3-BF4B-00C04F79EFBC}") = "AuditoriaRecepcion.Infrastructure", "AuditoriaRecepcion.Infrastructure\AuditoriaRecepcion.Infrastructure.csproj", "{43E54D6F-A571-45B3-88F7-D35D910FBE80}"
EndProject
Project("{FAE04EC0-301F-11D3-BF4B-00C04F79EFBC}") = "AuditoriaRecepcion.Application", "AuditoriaRecepcion.Application\AuditoriaRecepcion.Application.csproj", "{013F69A2-7438-4ABB-B273-09657F4816D6}"
EndProject
Global
	GlobalSection(SolutionConfigurationPlatforms) = preSolution
		Debug|Any CPU = Debug|Any CPU
		Debug|x64 = Debug|x64
		Debug|x86 = Debug|x86
		Release|Any CPU = Release|Any CPU
		Release|x64 = Release|x64
		Release|x86 = Release|x86
	EndGlobalSection
	GlobalSection(ProjectConfigurationPlatforms) = postSolution
		{C299A6DB-E972-4CDF-A6DC-25AD29B4FD40}.Debug|Any CPU.ActiveCfg = Debug|Any CPU
		{C299A6DB-E972-4CDF-A6DC-25AD29B4FD40}.Debug|Any CPU.Build.0 = Debug|Any CPU
		{C299A6DB-E972-4CDF-A6DC-25AD29B4FD40}.Debug|x64.ActiveCfg = Debug|Any CPU
		{C299A6DB-E972-4CDF-A6DC-25AD29B4FD40}.Debug|x64.Build.0 = Debug|Any CPU
		{C299A6DB-E972-4CDF-A6DC-25AD29B4FD40}.Debug|x86.ActiveCfg = Debug|Any CPU
		{C299A6DB-E972-4CDF-A6DC-25AD29B4FD40}.Debug|x86.Build.0 = Debug|Any CPU
		{C299A6DB-E972-4CDF-A6DC-25AD29B4FD40}.Release|Any CPU.ActiveCfg = Release|Any CPU
		{C299A6DB-E972-4CDF-A6DC-25AD29B4FD40}.Release|Any CPU.Build.0 = Release|Any CPU
		{C299A6DB-E972-4CDF-A6DC-25AD29B4FD40}.Release|x64.ActiveCfg = Release|Any CPU
		{C299A6DB-E972-4CDF-A6DC-25AD29B4FD40}.Release|x64.Build.0 = Release|Any CPU
		{C299A6DB-E972-4CDF-A6DC-25AD29B4FD40}.Release|x86.ActiveCfg = Release|Any CPU
		{C299A6DB-E972-4CDF-A6DC-25AD29B4FD40}.Release|x86.Build.0 = Release|Any CPU
		{3E3765B3-7FA8-49E8-9987-41EA1DF0FD71}.Debug|Any CPU.ActiveCfg = Debug|Any CPU
		{3E3765B3-7FA8-49E8-9987-41EA1DF0FD71}.Debug|Any CPU.Build.0 = Debug|Any CPU
		{3E3765B3-7FA8-49E8-9987-41EA1DF0FD71}.Debug|x64.ActiveCfg = Debug|Any CPU
		{3E3765B3-7FA8-49E8-9987-41EA1DF0FD71}.Debug|x64.Build.0 = Debug|Any CPU
		{3E3765B3-7FA8-49E8-9987-41EA1DF0FD71}.Debug|x86.ActiveCfg = Debug|Any CPU
		{3E3765B3-7FA8-49E8-9987-41EA1DF0FD71}.Debug|x86.Build.0 = Debug|Any CPU
		{3E3765B3-7FA8-49E8-9987-41EA1DF0FD71}.Release|Any CPU.ActiveCfg = Release|Any CPU
		{3E3765B3-7FA8-49E8-9987-41EA1DF0FD71}.Release|Any CPU.Build.0 = Release|Any CPU
		{3E3765B3-7FA8-49E8-9987-41EA1DF0FD71}.Release|x64.ActiveCfg = Release|Any CPU
		{3E3765B3-7FA8-49E8-9987-41EA1DF0FD71}.Release|x64.Build.0 = Release|Any CPU
		{3E3765B3-7FA8-49E8-9987-41EA1DF0FD71}.Release|x86.ActiveCfg = Release|Any CPU
		{3E3765B3-7FA8-49E8-9987-41EA1DF0FD71}.Release|x86.Build.0 = Release|Any CPU
		{43E54D6F-A571-45B3-88F7-D35D910FBE80}.Debug|Any CPU.ActiveCfg = Debug|Any CPU
		{43E54D6F-A571-45B3-88F7-D35D910FBE80}.Debug|Any CPU.Build.0 = Debug|Any CPU
		{43E54D6F-A571-45B3-88F7-D35D910FBE80}.Debug|x64.ActiveCfg = Debug|Any CPU
		{43E54D6F-A571-45B3-88F7-D35D910FBE80}.Debug|x64.Build.0 = Debug|Any CPU
		{43E54D6F-A571-45B3-88F7-D35D910FBE80}.Debug|x86.ActiveCfg = Debug|Any CPU
		{43E54D6F-A571-45B3-88F7-D35D910FBE80}.Debug|x86.Build.0 = Debug|Any CPU
		{43E54D6F-A571-45B3-88F7-D35D910FBE80}.Release|Any CPU.ActiveCfg = Release|Any CPU
		{43E54D6F-A571-45B3-88F7-D35D910FBE80}.Release|Any CPU.Build.0 = Release|Any CPU
		{43E54D6F-A571-45B3-88F7-D35D910FBE80}.Release|x64.ActiveCfg = Release|Any CPU
		{43E54D6F-A571-45B3-88F7-D35D910FBE80}.Release|x64.Build.0 = Release|Any CPU
		{43E54D6F-A571-45B3-88F7-D35D910FBE80}.Release|x86.ActiveCfg = Release|Any CPU
		{43E54D6F-A571-45B3-88F7-D35D910FBE80}.Release|x86.Build.0 = Release|Any CPU
		{013F69A2-7438-4ABB-B273-09657F4816D6}.Debug|Any CPU.ActiveCfg = Debug|Any CPU
		{013F69A2-7438-4ABB-B273-09657F4816D6}.Debug|Any CPU.Build.0 = Debug|Any CPU
		{013F69A2-7438-4ABB-B273-09657F4816D6}.Debug|x64.ActiveCfg = Debug|Any CPU
		{013F69A2-7438-4ABB-B273-09657F4816D6}.Debug|x64.Build.0 = Debug|Any CPU
		{013F69A2-7438-4ABB-B273-09657F4816D6}.Debug|x86.ActiveCfg = Debug|Any CPU
		{013F69A2-7438-4ABB-B273-09657F4816D6}.Debug|x86.Build.0 = Debug|Any CPU
		{013F69A2-7438-4ABB-B273-09657F4816D6}.Release|Any CPU.ActiveCfg = Release|Any CPU
		{013F69A2-7438-4ABB-B273-09657F4816D6}.Release|Any CPU.Build.0 = Release|Any CPU
		{013F69A2-7438-4ABB-B273-09657F4816D6}.Release|x64.ActiveCfg = Release|Any CPU
		{013F69A2-7438-4ABB-B273-09657F4816D6}.Release|x64.Build.0 = Release|Any CPU
		{013F69A2-7438-4ABB-B273-09657F4816D6}.Release|x86.ActiveCfg = Release|Any CPU
		{013F69A2-7438-4ABB-B273-09657F4816D6}.Release|x86.Build.0 = Release|Any CPU
	EndGlobalSection
	GlobalSection(SolutionProperties) = preSolution
		HideSolutionNode = FALSE
	EndGlobalSection
EndGlobal
